
Microsoft Visual Studio Solution File, Format Version 12.00
# Visual Studio Version 17
VisualStudioVersion = 17.8.34330.188
MinimumVisualStudioVersion = 10.0.40219.1
Project("{FAE04EC0-301F-11D3-BF4B-00C04F79EFBC}") = "OrderManagment.APIs", "OrderManagment.APIs\OrderManagment.APIs.csproj", "{A496E019-CE61-4107-BEB0-9834A5DA76B1}"
EndProject
Project("{FAE04EC0-301F-11D3-BF4B-00C04F79EFBC}") = "OrderManagment.DAL", "OrderManagment.DAL\OrderManagment.DAL.csproj", "{F48DCD40-EB6D-4259-A6BC-D3C2B877CE59}"
EndProject
Project("{FAE04EC0-301F-11D3-BF4B-00C04F79EFBC}") = "OrderManagment.BLL", "OrderManagment.BLL\OrderManagment.BLL.csproj", "{F56E8E6D-856D-496A-92EC-9A650CCEF38E}"
EndProject
Global
	GlobalSection(SolutionConfigurationPlatforms) = preSolution
		Debug|Any CPU = Debug|Any CPU
		Release|Any CPU = Release|Any CPU
	EndGlobalSection
	GlobalSection(ProjectConfigurationPlatforms) = postSolution
		{A496E019-CE61-4107-BEB0-9834A5DA76B1}.Debug|Any CPU.ActiveCfg = Debug|Any CPU
		{A496E019-CE61-4107-BEB0-9834A5DA76B1}.Debug|Any CPU.Build.0 = Debug|Any CPU
		{A496E019-CE61-4107-BEB0-9834A5DA76B1}.Release|Any CPU.ActiveCfg = Release|Any CPU
		{A496E019-CE61-4107-BEB0-9834A5DA76B1}.Release|Any CPU.Build.0 = Release|Any CPU
		{F48DCD40-EB6D-4259-A6BC-D3C2B877CE59}.Debug|Any CPU.ActiveCfg = Debug|Any CPU
		{F48DCD40-EB6D-4259-A6BC-D3C2B877CE59}.Debug|Any CPU.Build.0 = Debug|Any CPU
		{F48DCD40-EB6D-4259-A6BC-D3C2B877CE59}.Release|Any CPU.ActiveCfg = Release|Any CPU
		{F48DCD40-EB6D-4259-A6BC-D3C2B877CE59}.Release|Any CPU.Build.0 = Release|Any CPU
		{F56E8E6D-856D-496A-92EC-9A650CCEF38E}.Debug|Any CPU.ActiveCfg = Debug|Any CPU
		{F56E8E6D-856D-496A-92EC-9A650CCEF38E}.Debug|Any CPU.Build.0 = Debug|Any CPU
		{F56E8E6D-856D-496A-92EC-9A650CCEF38E}.Release|Any CPU.ActiveCfg = Release|Any CPU
		{F56E8E6D-856D-496A-92EC-9A650CCEF38E}.Release|Any CPU.Build.0 = Release|Any CPU
	EndGlobalSection
	GlobalSection(SolutionProperties) = preSolution
		HideSolutionNode = FALSE
	EndGlobalSection
	GlobalSection(ExtensibilityGlobals) = postSolution
		SolutionGuid = {94EB8D93-AEEB-4F23-AFB7-08924140B79B}
	EndGlobalSection
EndGlobal
